
Microsoft Visual Studio Solution File, Format Version 12.00
# Visual Studio 14
VisualStudioVersion = 14.0.25420.1
MinimumVisualStudioVersion = 10.0.40219.1
Project("{8BC9CEB8-8B4A-11D0-8D11-00A0C91BC942}") = "Practice", "Practice\Include\Practice.vcxproj", "{E1B2CC42-8758-4B74-86E2-2293A0ED5584}"
EndProject
Project("{8BC9CEB8-8B4A-11D0-8D11-00A0C91BC942}") = "FunctionPractice", "FunctionPractice\Include\FunctionPractice.vcxproj", "{C0753B50-92CF-4D1A-9D85-7BDD9DDE5A02}"
EndProject
Global
	GlobalSection(SolutionConfigurationPlatforms) = preSolution
		Debug|x64 = Debug|x64
		Debug|x86 = Debug|x86
		Release|x64 = Release|x64
		Release|x86 = Release|x86
	EndGlobalSection
	GlobalSection(ProjectConfigurationPlatforms) = postSolution
		{E1B2CC42-8758-4B74-86E2-2293A0ED5584}.Debug|x64.ActiveCfg = Debug|x64
		{E1B2CC42-8758-4B74-86E2-2293A0ED5584}.Debug|x64.Build.0 = Debug|x64
		{E1B2CC42-8758-4B74-86E2-2293A0ED5584}.Debug|x86.ActiveCfg = Debug|Win32
		{E1B2CC42-8758-4B74-86E2-2293A0ED5584}.Debug|x86.Build.0 = Debug|Win32
		{E1B2CC42-8758-4B74-86E2-2293A0ED5584}.Release|x64.ActiveCfg = Release|x64
		{E1B2CC42-8758-4B74-86E2-2293A0ED5584}.Release|x64.Build.0 = Release|x64
		{E1B2CC42-8758-4B74-86E2-2293A0ED5584}.Release|x86.ActiveCfg = Release|Win32
		{E1B2CC42-8758-4B74-86E2-2293A0ED5584}.Release|x86.Build.0 = Release|Win32
		{C0753B50-92CF-4D1A-9D85-7BDD9DDE5A02}.Debug|x64.ActiveCfg = Debug|x64
		{C0753B50-92CF-4D1A-9D85-7BDD9DDE5A02}.Debug|x64.Build.0 = Debug|x64
		{C0753B50-92CF-4D1A-9D85-7BDD9DDE5A02}.Debug|x86.ActiveCfg = Debug|Win32
		{C0753B50-92CF-4D1A-9D85-7BDD9DDE5A02}.Debug|x86.Build.0 = Debug|Win32
		{C0753B50-92CF-4D1A-9D85-7BDD9DDE5A02}.Release|x64.ActiveCfg = Release|x64
		{C0753B50-92CF-4D1A-9D85-7BDD9DDE5A02}.Release|x64.Build.0 = Release|x64
		{C0753B50-92CF-4D1A-9D85-7BDD9DDE5A02}.Release|x86.ActiveCfg = Release|Win32
		{C0753B50-92CF-4D1A-9D85-7BDD9DDE5A02}.Release|x86.Build.0 = Release|Win32
	EndGlobalSection
	GlobalSection(SolutionProperties) = preSolution
		HideSolutionNode = FALSE
	EndGlobalSection
EndGlobal
